// !$*UTF8*$!
{
	archiveVersion = 1;
	classes = {
	};
	objectVersion = 55;
	objects = {

/* Begin PBXBuildFile section */
		E00170162AE10E47007E4375 /* AlertHelper.swift in Sources */ = {isa = PBXBuildFile; fileRef = E00170152AE10E47007E4375 /* AlertHelper.swift */; };
		E02FFB442AE159E900855315 /* news_error_data_type.json in Resources */ = {isa = PBXBuildFile; fileRef = E02FFB432AE159E900855315 /* news_error_data_type.json */; };
		E02FFB462AE1627100855315 /* DetailNews.swift in Sources */ = {isa = PBXBuildFile; fileRef = E02FFB452AE1627100855315 /* DetailNews.swift */; };
		E0701E582AE0020C00A7E447 /* NewsTableViewCell.swift in Sources */ = {isa = PBXBuildFile; fileRef = E0701E562AE0020C00A7E447 /* NewsTableViewCell.swift */; };
		E0701E592AE0020C00A7E447 /* NewsTableViewCell.xib in Resources */ = {isa = PBXBuildFile; fileRef = E0701E572AE0020C00A7E447 /* NewsTableViewCell.xib */; };
		E0701E6D2AE01BC900A7E447 /* NewsDetailViewController.swift in Sources */ = {isa = PBXBuildFile; fileRef = E0701E672AE01BC900A7E447 /* NewsDetailViewController.swift */; };
		E0701E722AE01D3700A7E447 /* DetailStoryboard.storyboard in Resources */ = {isa = PBXBuildFile; fileRef = E0701E712AE01D3700A7E447 /* DetailStoryboard.storyboard */; };
		E0B814DE2ADD6FF100182920 /* AppDelegate.swift in Sources */ = {isa = PBXBuildFile; fileRef = E0B814DD2ADD6FF100182920 /* AppDelegate.swift */; };
		E0B814E72ADD6FF100182920 /* Assets.xcassets in Resources */ = {isa = PBXBuildFile; fileRef = E0B814E62ADD6FF100182920 /* Assets.xcassets */; };
		E0B814EA2ADD6FF100182920 /* LaunchScreen.storyboard in Resources */ = {isa = PBXBuildFile; fileRef = E0B814E82ADD6FF100182920 /* LaunchScreen.storyboard */; };
		E0B814F52ADD6FF100182920 /* NYTimesTests.swift in Sources */ = {isa = PBXBuildFile; fileRef = E0B814F42ADD6FF100182920 /* NYTimesTests.swift */; };
		E0B814FF2ADD6FF100182920 /* NYTimesUITests.swift in Sources */ = {isa = PBXBuildFile; fileRef = E0B814FE2ADD6FF100182920 /* NYTimesUITests.swift */; };
		E0B815012ADD6FF100182920 /* NYTimesUITestsLaunchTests.swift in Sources */ = {isa = PBXBuildFile; fileRef = E0B815002ADD6FF100182920 /* NYTimesUITestsLaunchTests.swift */; };
		E0B8150F2ADE612300182920 /* Bootstrapper.swift in Sources */ = {isa = PBXBuildFile; fileRef = E0B8150E2ADE612300182920 /* Bootstrapper.swift */; };
		E0B815292ADEA88600182920 /* APIClient.swift in Sources */ = {isa = PBXBuildFile; fileRef = E0B815282ADEA88600182920 /* APIClient.swift */; };
		E0B8152B2ADEA89600182920 /* NYNetworkError.swift in Sources */ = {isa = PBXBuildFile; fileRef = E0B8152A2ADEA89600182920 /* NYNetworkError.swift */; };
		E0B815312ADEA8C800182920 /* URLRequest.swift in Sources */ = {isa = PBXBuildFile; fileRef = E0B815302ADEA8C800182920 /* URLRequest.swift */; };
		E0B815372ADEDAE200182920 /* NetworkConstants.swift in Sources */ = {isa = PBXBuildFile; fileRef = E0B815362ADEDAE200182920 /* NetworkConstants.swift */; };
		E0B815392ADF033800182920 /* URLRequest+HTTPMethod.swift in Sources */ = {isa = PBXBuildFile; fileRef = E0B815382ADF033800182920 /* URLRequest+HTTPMethod.swift */; };
		E0B8154E2ADF182C00182920 /* NewsListPresenter.swift in Sources */ = {isa = PBXBuildFile; fileRef = E0B815482ADF182C00182920 /* NewsListPresenter.swift */; };
		E0B8154F2ADF182C00182920 /* NewsListRouter.swift in Sources */ = {isa = PBXBuildFile; fileRef = E0B815492ADF182C00182920 /* NewsListRouter.swift */; };
		E0B815502ADF182C00182920 /* NewsListViewController.swift in Sources */ = {isa = PBXBuildFile; fileRef = E0B8154A2ADF182C00182920 /* NewsListViewController.swift */; };
		E0B815512ADF182C00182920 /* NewsListProtocols.swift in Sources */ = {isa = PBXBuildFile; fileRef = E0B8154B2ADF182C00182920 /* NewsListProtocols.swift */; };
		E0B815522ADF182C00182920 /* NewsListInteractor.swift in Sources */ = {isa = PBXBuildFile; fileRef = E0B8154C2ADF182C00182920 /* NewsListInteractor.swift */; };
		E0B815562ADF19D200182920 /* News.swift in Sources */ = {isa = PBXBuildFile; fileRef = E0B815552ADF19D200182920 /* News.swift */; };
		E0B8155A2ADFA3B800182920 /* NewsList+TableView.swift in Sources */ = {isa = PBXBuildFile; fileRef = E0B815592ADFA3B800182920 /* NewsList+TableView.swift */; };
		E0B815672ADFAA4800182920 /* UIImageView+Extension.swift in Sources */ = {isa = PBXBuildFile; fileRef = E0B815662ADFAA4800182920 /* UIImageView+Extension.swift */; };
		E0C3186E2AE2891B00DB0BC6 /* BaseViewController.swift in Sources */ = {isa = PBXBuildFile; fileRef = E0C3186D2AE2891B00DB0BC6 /* BaseViewController.swift */; };
		E0D6F1D52ADFF65C00B0437C /* ListStoryboard.storyboard in Resources */ = {isa = PBXBuildFile; fileRef = E0D6F1D42ADFF65C00B0437C /* ListStoryboard.storyboard */; };
		E0F03C712AE13B0600574575 /* NewsListPresenterTests.swift in Sources */ = {isa = PBXBuildFile; fileRef = E0F03C6D2AE13B0600574575 /* NewsListPresenterTests.swift */; };
		E0F03C722AE13B0600574575 /* MockNewsListInteractor.swift in Sources */ = {isa = PBXBuildFile; fileRef = E0F03C6E2AE13B0600574575 /* MockNewsListInteractor.swift */; };
		E0F03C732AE13B0600574575 /* MockNewsListViewController.swift in Sources */ = {isa = PBXBuildFile; fileRef = E0F03C6F2AE13B0600574575 /* MockNewsListViewController.swift */; };
		E0F03C742AE13B0600574575 /* MockNewsListRouter.swift in Sources */ = {isa = PBXBuildFile; fileRef = E0F03C702AE13B0600574575 /* MockNewsListRouter.swift */; };
		E0F03C7C2AE13DD700574575 /* news_error.json in Resources */ = {isa = PBXBuildFile; fileRef = E0F03C7A2AE13DD700574575 /* news_error.json */; };
		E0F03C7D2AE13DD700574575 /* news.json in Resources */ = {isa = PBXBuildFile; fileRef = E0F03C7B2AE13DD700574575 /* news.json */; };
		E0F03C852AE13E2100574575 /* Data+Extension.swift in Sources */ = {isa = PBXBuildFile; fileRef = E0F03C822AE13E2100574575 /* Data+Extension.swift */; };
		E0F03C862AE13E2100574575 /* JSONManager.swift in Sources */ = {isa = PBXBuildFile; fileRef = E0F03C842AE13E2100574575 /* JSONManager.swift */; };
		E0FC61AD2AE26A5500CEE8D7 /* ConnectivityChecker.swift in Sources */ = {isa = PBXBuildFile; fileRef = E0FC61AC2AE26A5500CEE8D7 /* ConnectivityChecker.swift */; };
/* End PBXBuildFile section */

/* Begin PBXContainerItemProxy section */
		E0B814F12ADD6FF100182920 /* PBXContainerItemProxy */ = {
			isa = PBXContainerItemProxy;
			containerPortal = E0B814D22ADD6FF100182920 /* Project object */;
			proxyType = 1;
			remoteGlobalIDString = E0B814D92ADD6FF100182920;
			remoteInfo = NYTimes;
		};
		E0B814FB2ADD6FF100182920 /* PBXContainerItemProxy */ = {
			isa = PBXContainerItemProxy;
			containerPortal = E0B814D22ADD6FF100182920 /* Project object */;
			proxyType = 1;
			remoteGlobalIDString = E0B814D92ADD6FF100182920;
			remoteInfo = NYTimes;
		};
/* End PBXContainerItemProxy section */

/* Begin PBXFileReference section */
		E00170152AE10E47007E4375 /* AlertHelper.swift */ = {isa = PBXFileReference; lastKnownFileType = sourcecode.swift; path = AlertHelper.swift; sourceTree = "<group>"; };
		E02FFB432AE159E900855315 /* news_error_data_type.json */ = {isa = PBXFileReference; fileEncoding = 4; lastKnownFileType = text.json; path = news_error_data_type.json; sourceTree = "<group>"; };
		E02FFB452AE1627100855315 /* DetailNews.swift */ = {isa = PBXFileReference; lastKnownFileType = sourcecode.swift; path = DetailNews.swift; sourceTree = "<group>"; };
		E0701E562AE0020C00A7E447 /* NewsTableViewCell.swift */ = {isa = PBXFileReference; lastKnownFileType = sourcecode.swift; path = NewsTableViewCell.swift; sourceTree = "<group>"; };
		E0701E572AE0020C00A7E447 /* NewsTableViewCell.xib */ = {isa = PBXFileReference; lastKnownFileType = file.xib; path = NewsTableViewCell.xib; sourceTree = "<group>"; };
		E0701E672AE01BC900A7E447 /* NewsDetailViewController.swift */ = {isa = PBXFileReference; lastKnownFileType = sourcecode.swift; path = NewsDetailViewController.swift; sourceTree = "<group>"; };
		E0701E712AE01D3700A7E447 /* DetailStoryboard.storyboard */ = {isa = PBXFileReference; lastKnownFileType = file.storyboard; path = DetailStoryboard.storyboard; sourceTree = "<group>"; };
		E0B814DA2ADD6FF100182920 /* NYTimes.app */ = {isa = PBXFileReference; explicitFileType = wrapper.application; includeInIndex = 0; path = NYTimes.app; sourceTree = BUILT_PRODUCTS_DIR; };
		E0B814DD2ADD6FF100182920 /* AppDelegate.swift */ = {isa = PBXFileReference; lastKnownFileType = sourcecode.swift; path = AppDelegate.swift; sourceTree = "<group>"; };
		E0B814E62ADD6FF100182920 /* Assets.xcassets */ = {isa = PBXFileReference; lastKnownFileType = folder.assetcatalog; path = Assets.xcassets; sourceTree = "<group>"; };
		E0B814E92ADD6FF100182920 /* Base */ = {isa = PBXFileReference; lastKnownFileType = file.storyboard; name = Base; path = Base.lproj/LaunchScreen.storyboard; sourceTree = "<group>"; };
		E0B814EB2ADD6FF100182920 /* Info.plist */ = {isa = PBXFileReference; lastKnownFileType = text.plist.xml; path = Info.plist; sourceTree = "<group>"; };
		E0B814F02ADD6FF100182920 /* NYTimesTests.xctest */ = {isa = PBXFileReference; explicitFileType = wrapper.cfbundle; includeInIndex = 0; path = NYTimesTests.xctest; sourceTree = BUILT_PRODUCTS_DIR; };
		E0B814F42ADD6FF100182920 /* NYTimesTests.swift */ = {isa = PBXFileReference; lastKnownFileType = sourcecode.swift; path = NYTimesTests.swift; sourceTree = "<group>"; };
		E0B814FA2ADD6FF100182920 /* NYTimesUITests.xctest */ = {isa = PBXFileReference; explicitFileType = wrapper.cfbundle; includeInIndex = 0; path = NYTimesUITests.xctest; sourceTree = BUILT_PRODUCTS_DIR; };
		E0B814FE2ADD6FF100182920 /* NYTimesUITests.swift */ = {isa = PBXFileReference; lastKnownFileType = sourcecode.swift; path = NYTimesUITests.swift; sourceTree = "<group>"; };
		E0B815002ADD6FF100182920 /* NYTimesUITestsLaunchTests.swift */ = {isa = PBXFileReference; lastKnownFileType = sourcecode.swift; path = NYTimesUITestsLaunchTests.swift; sourceTree = "<group>"; };
		E0B8150E2ADE612300182920 /* Bootstrapper.swift */ = {isa = PBXFileReference; lastKnownFileType = sourcecode.swift; path = Bootstrapper.swift; sourceTree = "<group>"; };
		E0B815282ADEA88600182920 /* APIClient.swift */ = {isa = PBXFileReference; lastKnownFileType = sourcecode.swift; path = APIClient.swift; sourceTree = "<group>"; };
		E0B8152A2ADEA89600182920 /* NYNetworkError.swift */ = {isa = PBXFileReference; lastKnownFileType = sourcecode.swift; path = NYNetworkError.swift; sourceTree = "<group>"; };
		E0B815302ADEA8C800182920 /* URLRequest.swift */ = {isa = PBXFileReference; lastKnownFileType = sourcecode.swift; path = URLRequest.swift; sourceTree = "<group>"; };
		E0B815362ADEDAE200182920 /* NetworkConstants.swift */ = {isa = PBXFileReference; lastKnownFileType = sourcecode.swift; path = NetworkConstants.swift; sourceTree = "<group>"; };
		E0B815382ADF033800182920 /* URLRequest+HTTPMethod.swift */ = {isa = PBXFileReference; lastKnownFileType = sourcecode.swift; path = "URLRequest+HTTPMethod.swift"; sourceTree = "<group>"; };
		E0B815482ADF182C00182920 /* NewsListPresenter.swift */ = {isa = PBXFileReference; lastKnownFileType = sourcecode.swift; path = NewsListPresenter.swift; sourceTree = "<group>"; };
		E0B815492ADF182C00182920 /* NewsListRouter.swift */ = {isa = PBXFileReference; lastKnownFileType = sourcecode.swift; path = NewsListRouter.swift; sourceTree = "<group>"; };
		E0B8154A2ADF182C00182920 /* NewsListViewController.swift */ = {isa = PBXFileReference; lastKnownFileType = sourcecode.swift; path = NewsListViewController.swift; sourceTree = "<group>"; };
		E0B8154B2ADF182C00182920 /* NewsListProtocols.swift */ = {isa = PBXFileReference; lastKnownFileType = sourcecode.swift; path = NewsListProtocols.swift; sourceTree = "<group>"; };
		E0B8154C2ADF182C00182920 /* NewsListInteractor.swift */ = {isa = PBXFileReference; lastKnownFileType = sourcecode.swift; path = NewsListInteractor.swift; sourceTree = "<group>"; };
		E0B815552ADF19D200182920 /* News.swift */ = {isa = PBXFileReference; lastKnownFileType = sourcecode.swift; path = News.swift; sourceTree = "<group>"; };
		E0B815592ADFA3B800182920 /* NewsList+TableView.swift */ = {isa = PBXFileReference; lastKnownFileType = sourcecode.swift; path = "NewsList+TableView.swift"; sourceTree = "<group>"; };
		E0B815662ADFAA4800182920 /* UIImageView+Extension.swift */ = {isa = PBXFileReference; lastKnownFileType = sourcecode.swift; path = "UIImageView+Extension.swift"; sourceTree = "<group>"; };
		E0C3186D2AE2891B00DB0BC6 /* BaseViewController.swift */ = {isa = PBXFileReference; lastKnownFileType = sourcecode.swift; path = BaseViewController.swift; sourceTree = "<group>"; };
		E0D6F1D42ADFF65C00B0437C /* ListStoryboard.storyboard */ = {isa = PBXFileReference; lastKnownFileType = file.storyboard; path = ListStoryboard.storyboard; sourceTree = "<group>"; };
		E0F03C6D2AE13B0600574575 /* NewsListPresenterTests.swift */ = {isa = PBXFileReference; fileEncoding = 4; lastKnownFileType = sourcecode.swift; path = NewsListPresenterTests.swift; sourceTree = "<group>"; };
		E0F03C6E2AE13B0600574575 /* MockNewsListInteractor.swift */ = {isa = PBXFileReference; fileEncoding = 4; lastKnownFileType = sourcecode.swift; path = MockNewsListInteractor.swift; sourceTree = "<group>"; };
		E0F03C6F2AE13B0600574575 /* MockNewsListViewController.swift */ = {isa = PBXFileReference; fileEncoding = 4; lastKnownFileType = sourcecode.swift; path = MockNewsListViewController.swift; sourceTree = "<group>"; };
		E0F03C702AE13B0600574575 /* MockNewsListRouter.swift */ = {isa = PBXFileReference; fileEncoding = 4; lastKnownFileType = sourcecode.swift; path = MockNewsListRouter.swift; sourceTree = "<group>"; };
		E0F03C7A2AE13DD700574575 /* news_error.json */ = {isa = PBXFileReference; fileEncoding = 4; lastKnownFileType = text.json; path = news_error.json; sourceTree = "<group>"; };
		E0F03C7B2AE13DD700574575 /* news.json */ = {isa = PBXFileReference; fileEncoding = 4; lastKnownFileType = text.json; path = news.json; sourceTree = "<group>"; };
		E0F03C822AE13E2100574575 /* Data+Extension.swift */ = {isa = PBXFileReference; fileEncoding = 4; lastKnownFileType = sourcecode.swift; path = "Data+Extension.swift"; sourceTree = "<group>"; };
		E0F03C842AE13E2100574575 /* JSONManager.swift */ = {isa = PBXFileReference; fileEncoding = 4; lastKnownFileType = sourcecode.swift; path = JSONManager.swift; sourceTree = "<group>"; };
		E0FC61AC2AE26A5500CEE8D7 /* ConnectivityChecker.swift */ = {isa = PBXFileReference; lastKnownFileType = sourcecode.swift; path = ConnectivityChecker.swift; sourceTree = "<group>"; };
/* End PBXFileReference section */

/* Begin PBXFrameworksBuildPhase section */
		E0B814D72ADD6FF100182920 /* Frameworks */ = {
			isa = PBXFrameworksBuildPhase;
			buildActionMask = 2147483647;
			files = (
			);
			runOnlyForDeploymentPostprocessing = 0;
		};
		E0B814ED2ADD6FF100182920 /* Frameworks */ = {
			isa = PBXFrameworksBuildPhase;
			buildActionMask = 2147483647;
			files = (
			);
			runOnlyForDeploymentPostprocessing = 0;
		};
		E0B814F72ADD6FF100182920 /* Frameworks */ = {
			isa = PBXFrameworksBuildPhase;
			buildActionMask = 2147483647;
			files = (
			);
			runOnlyForDeploymentPostprocessing = 0;
		};
/* End PBXFrameworksBuildPhase section */

/* Begin PBXGroup section */
		E00170142AE10E2A007E4375 /* Alert */ = {
			isa = PBXGroup;
			children = (
				E00170152AE10E47007E4375 /* AlertHelper.swift */,
			);
			path = Alert;
			sourceTree = "<group>";
		};
		E0701E642AE01B8D00A7E447 /* NewsDetail */ = {
			isa = PBXGroup;
			children = (
				E0701E672AE01BC900A7E447 /* NewsDetailViewController.swift */,
				E0701E712AE01D3700A7E447 /* DetailStoryboard.storyboard */,
			);
			path = NewsDetail;
			sourceTree = "<group>";
		};
		E0B814D12ADD6FF100182920 = {
			isa = PBXGroup;
			children = (
				E0B814DC2ADD6FF100182920 /* NYTimes */,
				E0B814F32ADD6FF100182920 /* NYTimesTests */,
				E0B814FD2ADD6FF100182920 /* NYTimesUITests */,
				E0B814DB2ADD6FF100182920 /* Products */,
			);
			sourceTree = "<group>";
		};
		E0B814DB2ADD6FF100182920 /* Products */ = {
			isa = PBXGroup;
			children = (
				E0B814DA2ADD6FF100182920 /* NYTimes.app */,
				E0B814F02ADD6FF100182920 /* NYTimesTests.xctest */,
				E0B814FA2ADD6FF100182920 /* NYTimesUITests.xctest */,
			);
			name = Products;
			sourceTree = "<group>";
		};
		E0B814DC2ADD6FF100182920 /* NYTimes */ = {
			isa = PBXGroup;
			children = (
				E0C3186C2AE2890500DB0BC6 /* Base */,
				E0B814DD2ADD6FF100182920 /* AppDelegate.swift */,
				E0B815642ADFAA3200182920 /* Helpers */,
				E0B8150D2ADE60F900182920 /* Bootstrapper */,
				E0B815102ADE6FD300182920 /* Modules */,
				E0B815232ADEA83800182920 /* Network */,
				E0B814E62ADD6FF100182920 /* Assets.xcassets */,
				E0B814E82ADD6FF100182920 /* LaunchScreen.storyboard */,
				E0B814EB2ADD6FF100182920 /* Info.plist */,
			);
			path = NYTimes;
			sourceTree = "<group>";
		};
		E0B814F32ADD6FF100182920 /* NYTimesTests */ = {
			isa = PBXGroup;
			children = (
				E0F03C802AE13E2100574575 /* Helpers */,
				E0F03C792AE13DD700574575 /* Resources */,
				E0B814F42ADD6FF100182920 /* NYTimesTests.swift */,
				E0F03C6C2AE13B0600574575 /* NewsList */,
			);
			path = NYTimesTests;
			sourceTree = "<group>";
		};
		E0B814FD2ADD6FF100182920 /* NYTimesUITests */ = {
			isa = PBXGroup;
			children = (
				E0B814FE2ADD6FF100182920 /* NYTimesUITests.swift */,
				E0B815002ADD6FF100182920 /* NYTimesUITestsLaunchTests.swift */,
			);
			path = NYTimesUITests;
			sourceTree = "<group>";
		};
		E0B8150D2ADE60F900182920 /* Bootstrapper */ = {
			isa = PBXGroup;
			children = (
				E0B8150E2ADE612300182920 /* Bootstrapper.swift */,
			);
			path = Bootstrapper;
			sourceTree = "<group>";
		};
		E0B815102ADE6FD300182920 /* Modules */ = {
			isa = PBXGroup;
			children = (
				E0B815472ADF182200182920 /* NewsList */,
				E0701E642AE01B8D00A7E447 /* NewsDetail */,
			);
			path = Modules;
			sourceTree = "<group>";
		};
		E0B815232ADEA83800182920 /* Network */ = {
			isa = PBXGroup;
			children = (
				E0B815542ADF199800182920 /* Models */,
				E0FC61AC2AE26A5500CEE8D7 /* ConnectivityChecker.swift */,
				E0B815362ADEDAE200182920 /* NetworkConstants.swift */,
				E0B815282ADEA88600182920 /* APIClient.swift */,
				E0B8152A2ADEA89600182920 /* NYNetworkError.swift */,
				E0B815302ADEA8C800182920 /* URLRequest.swift */,
				E0B815382ADF033800182920 /* URLRequest+HTTPMethod.swift */,
			);
			path = Network;
			sourceTree = "<group>";
		};
		E0B815472ADF182200182920 /* NewsList */ = {
			isa = PBXGroup;
			children = (
				E0B8155B2ADFA47600182920 /* NewsTableViewCell */,
				E0B815482ADF182C00182920 /* NewsListPresenter.swift */,
				E0B815492ADF182C00182920 /* NewsListRouter.swift */,
				E0B8154A2ADF182C00182920 /* NewsListViewController.swift */,
				E0B815592ADFA3B800182920 /* NewsList+TableView.swift */,
				E0B8154B2ADF182C00182920 /* NewsListProtocols.swift */,
				E0B8154C2ADF182C00182920 /* NewsListInteractor.swift */,
				E0D6F1D42ADFF65C00B0437C /* ListStoryboard.storyboard */,
			);
			path = NewsList;
			sourceTree = "<group>";
		};
		E0B815542ADF199800182920 /* Models */ = {
			isa = PBXGroup;
			children = (
				E0B815552ADF19D200182920 /* News.swift */,
				E02FFB452AE1627100855315 /* DetailNews.swift */,
			);
			path = Models;
			sourceTree = "<group>";
		};
		E0B8155B2ADFA47600182920 /* NewsTableViewCell */ = {
			isa = PBXGroup;
			children = (
				E0701E562AE0020C00A7E447 /* NewsTableViewCell.swift */,
				E0701E572AE0020C00A7E447 /* NewsTableViewCell.xib */,
			);
			path = NewsTableViewCell;
			sourceTree = "<group>";
		};
		E0B815642ADFAA3200182920 /* Helpers */ = {
			isa = PBXGroup;
			children = (
				E00170142AE10E2A007E4375 /* Alert */,
				E0B815652ADFAA3B00182920 /* Extensions */,
			);
			path = Helpers;
			sourceTree = "<group>";
		};
		E0B815652ADFAA3B00182920 /* Extensions */ = {
			isa = PBXGroup;
			children = (
				E0B815662ADFAA4800182920 /* UIImageView+Extension.swift */,
			);
			path = Extensions;
			sourceTree = "<group>";
		};
		E0C3186C2AE2890500DB0BC6 /* Base */ = {
			isa = PBXGroup;
			children = (
				E0C3186D2AE2891B00DB0BC6 /* BaseViewController.swift */,
			);
			path = Base;
			sourceTree = "<group>";
		};
		E0F03C6C2AE13B0600574575 /* NewsList */ = {
			isa = PBXGroup;
			children = (
				E0F03C6D2AE13B0600574575 /* NewsListPresenterTests.swift */,
				E0F03C6E2AE13B0600574575 /* MockNewsListInteractor.swift */,
				E0F03C6F2AE13B0600574575 /* MockNewsListViewController.swift */,
				E0F03C702AE13B0600574575 /* MockNewsListRouter.swift */,
			);
			path = NewsList;
			sourceTree = "<group>";
		};
		E0F03C792AE13DD700574575 /* Resources */ = {
			isa = PBXGroup;
			children = (
				E0F03C7A2AE13DD700574575 /* news_error.json */,
				E02FFB432AE159E900855315 /* news_error_data_type.json */,
				E0F03C7B2AE13DD700574575 /* news.json */,
			);
			path = Resources;
			sourceTree = "<group>";
		};
		E0F03C802AE13E2100574575 /* Helpers */ = {
			isa = PBXGroup;
			children = (
				E0F03C812AE13E2100574575 /* Extensions */,
				E0F03C832AE13E2100574575 /* JSONManager */,
			);
			path = Helpers;
			sourceTree = "<group>";
		};
		E0F03C812AE13E2100574575 /* Extensions */ = {
			isa = PBXGroup;
			children = (
				E0F03C822AE13E2100574575 /* Data+Extension.swift */,
			);
			path = Extensions;
			sourceTree = "<group>";
		};
		E0F03C832AE13E2100574575 /* JSONManager */ = {
			isa = PBXGroup;
			children = (
				E0F03C842AE13E2100574575 /* JSONManager.swift */,
			);
			path = JSONManager;
			sourceTree = "<group>";
		};
/* End PBXGroup section */

/* Begin PBXNativeTarget section */
		E0B814D92ADD6FF100182920 /* NYTimes */ = {
			isa = PBXNativeTarget;
			buildConfigurationList = E0B815042ADD6FF100182920 /* Build configuration list for PBXNativeTarget "NYTimes" */;
			buildPhases = (
				E0B814D62ADD6FF100182920 /* Sources */,
				E0B814D72ADD6FF100182920 /* Frameworks */,
				E0B814D82ADD6FF100182920 /* Resources */,
			);
			buildRules = (
			);
			dependencies = (
			);
			name = NYTimes;
			productName = NYTimes;
			productReference = E0B814DA2ADD6FF100182920 /* NYTimes.app */;
			productType = "com.apple.product-type.application";
		};
		E0B814EF2ADD6FF100182920 /* NYTimesTests */ = {
			isa = PBXNativeTarget;
			buildConfigurationList = E0B815072ADD6FF100182920 /* Build configuration list for PBXNativeTarget "NYTimesTests" */;
			buildPhases = (
				E0B814EC2ADD6FF100182920 /* Sources */,
				E0B814ED2ADD6FF100182920 /* Frameworks */,
				E0B814EE2ADD6FF100182920 /* Resources */,
			);
			buildRules = (
			);
			dependencies = (
				E0B814F22ADD6FF100182920 /* PBXTargetDependency */,
			);
			name = NYTimesTests;
			productName = NYTimesTests;
			productReference = E0B814F02ADD6FF100182920 /* NYTimesTests.xctest */;
			productType = "com.apple.product-type.bundle.unit-test";
		};
		E0B814F92ADD6FF100182920 /* NYTimesUITests */ = {
			isa = PBXNativeTarget;
			buildConfigurationList = E0B8150A2ADD6FF100182920 /* Build configuration list for PBXNativeTarget "NYTimesUITests" */;
			buildPhases = (
				E0B814F62ADD6FF100182920 /* Sources */,
				E0B814F72ADD6FF100182920 /* Frameworks */,
				E0B814F82ADD6FF100182920 /* Resources */,
			);
			buildRules = (
			);
			dependencies = (
				E0B814FC2ADD6FF100182920 /* PBXTargetDependency */,
			);
			name = NYTimesUITests;
			productName = NYTimesUITests;
			productReference = E0B814FA2ADD6FF100182920 /* NYTimesUITests.xctest */;
			productType = "com.apple.product-type.bundle.ui-testing";
		};
/* End PBXNativeTarget section */

/* Begin PBXProject section */
		E0B814D22ADD6FF100182920 /* Project object */ = {
			isa = PBXProject;
			attributes = {
				BuildIndependentTargetsInParallel = 1;
				LastSwiftUpdateCheck = 1340;
				LastUpgradeCheck = 1340;
				TargetAttributes = {
					E0B814D92ADD6FF100182920 = {
						CreatedOnToolsVersion = 13.4;
					};
					E0B814EF2ADD6FF100182920 = {
						CreatedOnToolsVersion = 13.4;
						TestTargetID = E0B814D92ADD6FF100182920;
					};
					E0B814F92ADD6FF100182920 = {
						CreatedOnToolsVersion = 13.4;
						TestTargetID = E0B814D92ADD6FF100182920;
					};
				};
			};
			buildConfigurationList = E0B814D52ADD6FF100182920 /* Build configuration list for PBXProject "NYTimes" */;
			compatibilityVersion = "Xcode 13.0";
			developmentRegion = en;
			hasScannedForEncodings = 0;
			knownRegions = (
				en,
				Base,
			);
			mainGroup = E0B814D12ADD6FF100182920;
			productRefGroup = E0B814DB2ADD6FF100182920 /* Products */;
			projectDirPath = "";
			projectRoot = "";
			targets = (
				E0B814D92ADD6FF100182920 /* NYTimes */,
				E0B814EF2ADD6FF100182920 /* NYTimesTests */,
				E0B814F92ADD6FF100182920 /* NYTimesUITests */,
			);
		};
/* End PBXProject section */

/* Begin PBXResourcesBuildPhase section */
		E0B814D82ADD6FF100182920 /* Resources */ = {
			isa = PBXResourcesBuildPhase;
			buildActionMask = 2147483647;
			files = (
				E0B814EA2ADD6FF100182920 /* LaunchScreen.storyboard in Resources */,
				E0D6F1D52ADFF65C00B0437C /* ListStoryboard.storyboard in Resources */,
				E0701E592AE0020C00A7E447 /* NewsTableViewCell.xib in Resources */,
				E0701E722AE01D3700A7E447 /* DetailStoryboard.storyboard in Resources */,
				E0B814E72ADD6FF100182920 /* Assets.xcassets in Resources */,
			);
			runOnlyForDeploymentPostprocessing = 0;
		};
		E0B814EE2ADD6FF100182920 /* Resources */ = {
			isa = PBXResourcesBuildPhase;
			buildActionMask = 2147483647;
			files = (
				E02FFB442AE159E900855315 /* news_error_data_type.json in Resources */,
				E0F03C7D2AE13DD700574575 /* news.json in Resources */,
				E0F03C7C2AE13DD700574575 /* news_error.json in Resources */,
			);
			runOnlyForDeploymentPostprocessing = 0;
		};
		E0B814F82ADD6FF100182920 /* Resources */ = {
			isa = PBXResourcesBuildPhase;
			buildActionMask = 2147483647;
			files = (
			);
			runOnlyForDeploymentPostprocessing = 0;
		};
/* End PBXResourcesBuildPhase section */

/* Begin PBXSourcesBuildPhase section */
		E0B814D62ADD6FF100182920 /* Sources */ = {
			isa = PBXSourcesBuildPhase;
			buildActionMask = 2147483647;
			files = (
				E0B815312ADEA8C800182920 /* URLRequest.swift in Sources */,
				E0B8150F2ADE612300182920 /* Bootstrapper.swift in Sources */,
				E02FFB462AE1627100855315 /* DetailNews.swift in Sources */,
				E0701E582AE0020C00A7E447 /* NewsTableViewCell.swift in Sources */,
				E0B815292ADEA88600182920 /* APIClient.swift in Sources */,
				E0C3186E2AE2891B00DB0BC6 /* BaseViewController.swift in Sources */,
				E0B8154E2ADF182C00182920 /* NewsListPresenter.swift in Sources */,
				E0B815372ADEDAE200182920 /* NetworkConstants.swift in Sources */,
				E0B815502ADF182C00182920 /* NewsListViewController.swift in Sources */,
				E0B8155A2ADFA3B800182920 /* NewsList+TableView.swift in Sources */,
				E0B8152B2ADEA89600182920 /* NYNetworkError.swift in Sources */,
				E0B815522ADF182C00182920 /* NewsListInteractor.swift in Sources */,
				E0B815672ADFAA4800182920 /* UIImageView+Extension.swift in Sources */,
				E0B8154F2ADF182C00182920 /* NewsListRouter.swift in Sources */,
				E0B815512ADF182C00182920 /* NewsListProtocols.swift in Sources */,
				E0B814DE2ADD6FF100182920 /* AppDelegate.swift in Sources */,
				E0B815562ADF19D200182920 /* News.swift in Sources */,
				E0FC61AD2AE26A5500CEE8D7 /* ConnectivityChecker.swift in Sources */,
				E00170162AE10E47007E4375 /* AlertHelper.swift in Sources */,
				E0B815392ADF033800182920 /* URLRequest+HTTPMethod.swift in Sources */,
				E0701E6D2AE01BC900A7E447 /* NewsDetailViewController.swift in Sources */,
			);
			runOnlyForDeploymentPostprocessing = 0;
		};
		E0B814EC2ADD6FF100182920 /* Sources */ = {
			isa = PBXSourcesBuildPhase;
			buildActionMask = 2147483647;
			files = (
				E0B814F52ADD6FF100182920 /* NYTimesTests.swift in Sources */,
				E0F03C862AE13E2100574575 /* JSONManager.swift in Sources */,
				E0F03C712AE13B0600574575 /* NewsListPresenterTests.swift in Sources */,
				E0F03C742AE13B0600574575 /* MockNewsListRouter.swift in Sources */,
				E0F03C732AE13B0600574575 /* MockNewsListViewController.swift in Sources */,
				E0F03C722AE13B0600574575 /* MockNewsListInteractor.swift in Sources */,
				E0F03C852AE13E2100574575 /* Data+Extension.swift in Sources */,
			);
			runOnlyForDeploymentPostprocessing = 0;
		};
		E0B814F62ADD6FF100182920 /* Sources */ = {
			isa = PBXSourcesBuildPhase;
			buildActionMask = 2147483647;
			files = (
				E0B815012ADD6FF100182920 /* NYTimesUITestsLaunchTests.swift in Sources */,
				E0B814FF2ADD6FF100182920 /* NYTimesUITests.swift in Sources */,
			);
			runOnlyForDeploymentPostprocessing = 0;
		};
/* End PBXSourcesBuildPhase section */

/* Begin PBXTargetDependency section */
		E0B814F22ADD6FF100182920 /* PBXTargetDependency */ = {
			isa = PBXTargetDependency;
			target = E0B814D92ADD6FF100182920 /* NYTimes */;
			targetProxy = E0B814F12ADD6FF100182920 /* PBXContainerItemProxy */;
		};
		E0B814FC2ADD6FF100182920 /* PBXTargetDependency */ = {
			isa = PBXTargetDependency;
			target = E0B814D92ADD6FF100182920 /* NYTimes */;
			targetProxy = E0B814FB2ADD6FF100182920 /* PBXContainerItemProxy */;
		};
/* End PBXTargetDependency section */

/* Begin PBXVariantGroup section */
		E0B814E82ADD6FF100182920 /* LaunchScreen.storyboard */ = {
			isa = PBXVariantGroup;
			children = (
				E0B814E92ADD6FF100182920 /* Base */,
			);
			name = LaunchScreen.storyboard;
			sourceTree = "<group>";
		};
/* End PBXVariantGroup section */

/* Begin XCBuildConfiguration section */
		E0B815022ADD6FF100182920 /* Debug */ = {
			isa = XCBuildConfiguration;
			buildSettings = {
				ALWAYS_SEARCH_USER_PATHS = NO;
				CLANG_ANALYZER_NONNULL = YES;
				CLANG_ANALYZER_NUMBER_OBJECT_CONVERSION = YES_AGGRESSIVE;
				CLANG_CXX_LANGUAGE_STANDARD = "gnu++17";
				CLANG_ENABLE_MODULES = YES;
				CLANG_ENABLE_OBJC_ARC = YES;
				CLANG_ENABLE_OBJC_WEAK = YES;
				CLANG_WARN_BLOCK_CAPTURE_AUTORELEASING = YES;
				CLANG_WARN_BOOL_CONVERSION = YES;
				CLANG_WARN_COMMA = YES;
				CLANG_WARN_CONSTANT_CONVERSION = YES;
				CLANG_WARN_DEPRECATED_OBJC_IMPLEMENTATIONS = YES;
				CLANG_WARN_DIRECT_OBJC_ISA_USAGE = YES_ERROR;
				CLANG_WARN_DOCUMENTATION_COMMENTS = YES;
				CLANG_WARN_EMPTY_BODY = YES;
				CLANG_WARN_ENUM_CONVERSION = YES;
				CLANG_WARN_INFINITE_RECURSION = YES;
				CLANG_WARN_INT_CONVERSION = YES;
				CLANG_WARN_NON_LITERAL_NULL_CONVERSION = YES;
				CLANG_WARN_OBJC_IMPLICIT_RETAIN_SELF = YES;
				CLANG_WARN_OBJC_LITERAL_CONVERSION = YES;
				CLANG_WARN_OBJC_ROOT_CLASS = YES_ERROR;
				CLANG_WARN_QUOTED_INCLUDE_IN_FRAMEWORK_HEADER = YES;
				CLANG_WARN_RANGE_LOOP_ANALYSIS = YES;
				CLANG_WARN_STRICT_PROTOTYPES = YES;
				CLANG_WARN_SUSPICIOUS_MOVE = YES;
				CLANG_WARN_UNGUARDED_AVAILABILITY = YES_AGGRESSIVE;
				CLANG_WARN_UNREACHABLE_CODE = YES;
				CLANG_WARN__DUPLICATE_METHOD_MATCH = YES;
				COPY_PHASE_STRIP = NO;
				DEBUG_INFORMATION_FORMAT = dwarf;
				ENABLE_STRICT_OBJC_MSGSEND = YES;
				ENABLE_TESTABILITY = YES;
				GCC_C_LANGUAGE_STANDARD = gnu11;
				GCC_DYNAMIC_NO_PIC = NO;
				GCC_NO_COMMON_BLOCKS = YES;
				GCC_OPTIMIZATION_LEVEL = 0;
				GCC_PREPROCESSOR_DEFINITIONS = (
					"DEBUG=1",
					"$(inherited)",
				);
				GCC_WARN_64_TO_32_BIT_CONVERSION = YES;
				GCC_WARN_ABOUT_RETURN_TYPE = YES_ERROR;
				GCC_WARN_UNDECLARED_SELECTOR = YES;
				GCC_WARN_UNINITIALIZED_AUTOS = YES_AGGRESSIVE;
				GCC_WARN_UNUSED_FUNCTION = YES;
				GCC_WARN_UNUSED_VARIABLE = YES;
				IPHONEOS_DEPLOYMENT_TARGET = 15.5;
				MTL_ENABLE_DEBUG_INFO = INCLUDE_SOURCE;
				MTL_FAST_MATH = YES;
				ONLY_ACTIVE_ARCH = YES;
				SDKROOT = iphoneos;
				SWIFT_ACTIVE_COMPILATION_CONDITIONS = DEBUG;
				SWIFT_OPTIMIZATION_LEVEL = "-Onone";
			};
			name = Debug;
		};
		E0B815032ADD6FF100182920 /* Release */ = {
			isa = XCBuildConfiguration;
			buildSettings = {
				ALWAYS_SEARCH_USER_PATHS = NO;
				CLANG_ANALYZER_NONNULL = YES;
				CLANG_ANALYZER_NUMBER_OBJECT_CONVERSION = YES_AGGRESSIVE;
				CLANG_CXX_LANGUAGE_STANDARD = "gnu++17";
				CLANG_ENABLE_MODULES = YES;
				CLANG_ENABLE_OBJC_ARC = YES;
				CLANG_ENABLE_OBJC_WEAK = YES;
				CLANG_WARN_BLOCK_CAPTURE_AUTORELEASING = YES;
				CLANG_WARN_BOOL_CONVERSION = YES;
				CLANG_WARN_COMMA = YES;
				CLANG_WARN_CONSTANT_CONVERSION = YES;
				CLANG_WARN_DEPRECATED_OBJC_IMPLEMENTATIONS = YES;
				CLANG_WARN_DIRECT_OBJC_ISA_USAGE = YES_ERROR;
				CLANG_WARN_DOCUMENTATION_COMMENTS = YES;
				CLANG_WARN_EMPTY_BODY = YES;
				CLANG_WARN_ENUM_CONVERSION = YES;
				CLANG_WARN_INFINITE_RECURSION = YES;
				CLANG_WARN_INT_CONVERSION = YES;
				CLANG_WARN_NON_LITERAL_NULL_CONVERSION = YES;
				CLANG_WARN_OBJC_IMPLICIT_RETAIN_SELF = YES;
				CLANG_WARN_OBJC_LITERAL_CONVERSION = YES;
				CLANG_WARN_OBJC_ROOT_CLASS = YES_ERROR;
				CLANG_WARN_QUOTED_INCLUDE_IN_FRAMEWORK_HEADER = YES;
				CLANG_WARN_RANGE_LOOP_ANALYSIS = YES;
				CLANG_WARN_STRICT_PROTOTYPES = YES;
				CLANG_WARN_SUSPICIOUS_MOVE = YES;
				CLANG_WARN_UNGUARDED_AVAILABILITY = YES_AGGRESSIVE;
				CLANG_WARN_UNREACHABLE_CODE = YES;
				CLANG_WARN__DUPLICATE_METHOD_MATCH = YES;
				COPY_PHASE_STRIP = NO;
				DEBUG_INFORMATION_FORMAT = "dwarf-with-dsym";
				ENABLE_NS_ASSERTIONS = NO;
				ENABLE_STRICT_OBJC_MSGSEND = YES;
				GCC_C_LANGUAGE_STANDARD = gnu11;
				GCC_NO_COMMON_BLOCKS = YES;
				GCC_WARN_64_TO_32_BIT_CONVERSION = YES;
				GCC_WARN_ABOUT_RETURN_TYPE = YES_ERROR;
				GCC_WARN_UNDECLARED_SELECTOR = YES;
				GCC_WARN_UNINITIALIZED_AUTOS = YES_AGGRESSIVE;
				GCC_WARN_UNUSED_FUNCTION = YES;
				GCC_WARN_UNUSED_VARIABLE = YES;
				IPHONEOS_DEPLOYMENT_TARGET = 15.5;
				MTL_ENABLE_DEBUG_INFO = NO;
				MTL_FAST_MATH = YES;
				SDKROOT = iphoneos;
				SWIFT_COMPILATION_MODE = wholemodule;
				SWIFT_OPTIMIZATION_LEVEL = "-O";
				VALIDATE_PRODUCT = YES;
			};
			name = Release;
		};
		E0B815052ADD6FF100182920 /* Debug */ = {
			isa = XCBuildConfiguration;
			buildSettings = {
				ASSETCATALOG_COMPILER_APPICON_NAME = AppIcon;
				ASSETCATALOG_COMPILER_GLOBAL_ACCENT_COLOR_NAME = AccentColor;
				CODE_SIGN_STYLE = Automatic;
				CURRENT_PROJECT_VERSION = 1;
				GENERATE_INFOPLIST_FILE = YES;
				INFOPLIST_FILE = NYTimes/Info.plist;
				INFOPLIST_KEY_UIApplicationSupportsIndirectInputEvents = YES;
				INFOPLIST_KEY_UILaunchStoryboardName = LaunchScreen;
				INFOPLIST_KEY_UISupportedInterfaceOrientations_iPad = "UIInterfaceOrientationPortrait UIInterfaceOrientationPortraitUpsideDown UIInterfaceOrientationLandscapeLeft UIInterfaceOrientationLandscapeRight";
				INFOPLIST_KEY_UISupportedInterfaceOrientations_iPhone = "UIInterfaceOrientationPortrait UIInterfaceOrientationLandscapeLeft UIInterfaceOrientationLandscapeRight";
				LD_RUNPATH_SEARCH_PATHS = (
					"$(inherited)",
					"@executable_path/Frameworks",
				);
				MARKETING_VERSION = 1.0;
				PRODUCT_BUNDLE_IDENTIFIER = "sandbox-apps.NYTimes";
				PRODUCT_NAME = "$(TARGET_NAME)";
				SWIFT_EMIT_LOC_STRINGS = YES;
				SWIFT_VERSION = 5.0;
				TARGETED_DEVICE_FAMILY = "1,2";
			};
			name = Debug;
		};
		E0B815062ADD6FF100182920 /* Release */ = {
			isa = XCBuildConfiguration;
			buildSettings = {
				ASSETCATALOG_COMPILER_APPICON_NAME = AppIcon;
				ASSETCATALOG_COMPILER_GLOBAL_ACCENT_COLOR_NAME = AccentColor;
				CODE_SIGN_STYLE = Automatic;
				CURRENT_PROJECT_VERSION = 1;
				GENERATE_INFOPLIST_FILE = YES;
				INFOPLIST_FILE = NYTimes/Info.plist;
				INFOPLIST_KEY_UIApplicationSupportsIndirectInputEvents = YES;
				INFOPLIST_KEY_UILaunchStoryboardName = LaunchScreen;
				INFOPLIST_KEY_UISupportedInterfaceOrientations_iPad = "UIInterfaceOrientationPortrait UIInterfaceOrientationPortraitUpsideDown UIInterfaceOrientationLandscapeLeft UIInterfaceOrientationLandscapeRight";
				INFOPLIST_KEY_UISupportedInterfaceOrientations_iPhone = "UIInterfaceOrientationPortrait UIInterfaceOrientationLandscapeLeft UIInterfaceOrientationLandscapeRight";
				LD_RUNPATH_SEARCH_PATHS = (
					"$(inherited)",
					"@executable_path/Frameworks",
				);
				MARKETING_VERSION = 1.0;
				PRODUCT_BUNDLE_IDENTIFIER = "sandbox-apps.NYTimes";
				PRODUCT_NAME = "$(TARGET_NAME)";
				SWIFT_EMIT_LOC_STRINGS = YES;
				SWIFT_VERSION = 5.0;
				TARGETED_DEVICE_FAMILY = "1,2";
			};
			name = Release;
		};
		E0B815082ADD6FF100182920 /* Debug */ = {
			isa = XCBuildConfiguration;
			buildSettings = {
				ALWAYS_EMBED_SWIFT_STANDARD_LIBRARIES = YES;
				BUNDLE_LOADER = "$(TEST_HOST)";
				CODE_SIGN_STYLE = Automatic;
				CURRENT_PROJECT_VERSION = 1;
				GENERATE_INFOPLIST_FILE = YES;
				IPHONEOS_DEPLOYMENT_TARGET = 15.5;
				MARKETING_VERSION = 1.0;
				PRODUCT_BUNDLE_IDENTIFIER = "sandbox-apps.NYTimesTests";
				PRODUCT_NAME = "$(TARGET_NAME)";
				SWIFT_EMIT_LOC_STRINGS = NO;
				SWIFT_VERSION = 5.0;
				TARGETED_DEVICE_FAMILY = "1,2";
				TEST_HOST = "$(BUILT_PRODUCTS_DIR)/NYTimes.app/NYTimes";
			};
			name = Debug;
		};
		E0B815092ADD6FF100182920 /* Release */ = {
			isa = XCBuildConfiguration;
			buildSettings = {
				ALWAYS_EMBED_SWIFT_STANDARD_LIBRARIES = YES;
				BUNDLE_LOADER = "$(TEST_HOST)";
				CODE_SIGN_STYLE = Automatic;
				CURRENT_PROJECT_VERSION = 1;
				GENERATE_INFOPLIST_FILE = YES;
				IPHONEOS_DEPLOYMENT_TARGET = 15.5;
				MARKETING_VERSION = 1.0;
				PRODUCT_BUNDLE_IDENTIFIER = "sandbox-apps.NYTimesTests";
				PRODUCT_NAME = "$(TARGET_NAME)";
				SWIFT_EMIT_LOC_STRINGS = NO;
				SWIFT_VERSION = 5.0;
				TARGETED_DEVICE_FAMILY = "1,2";
				TEST_HOST = "$(BUILT_PRODUCTS_DIR)/NYTimes.app/NYTimes";
			};
			name = Release;
		};
		E0B8150B2ADD6FF100182920 /* Debug */ = {
			isa = XCBuildConfiguration;
			buildSettings = {
				ALWAYS_EMBED_SWIFT_STANDARD_LIBRARIES = YES;
				CODE_SIGN_STYLE = Automatic;
				CURRENT_PROJECT_VERSION = 1;
				GENERATE_INFOPLIST_FILE = YES;
				MARKETING_VERSION = 1.0;
				PRODUCT_BUNDLE_IDENTIFIER = "sandbox-apps.NYTimesUITests";
				PRODUCT_NAME = "$(TARGET_NAME)";
				SWIFT_EMIT_LOC_STRINGS = NO;
				SWIFT_VERSION = 5.0;
				TARGETED_DEVICE_FAMILY = "1,2";
				TEST_TARGET_NAME = NYTimes;
			};
			name = Debug;
		};
		E0B8150C2ADD6FF100182920 /* Release */ = {
			isa = XCBuildConfiguration;
			buildSettings = {
				ALWAYS_EMBED_SWIFT_STANDARD_LIBRARIES = YES;
				CODE_SIGN_STYLE = Automatic;
				CURRENT_PROJECT_VERSION = 1;
				GENERATE_INFOPLIST_FILE = YES;
				MARKETING_VERSION = 1.0;
				PRODUCT_BUNDLE_IDENTIFIER = "sandbox-apps.NYTimesUITests";
				PRODUCT_NAME = "$(TARGET_NAME)";
				SWIFT_EMIT_LOC_STRINGS = NO;
				SWIFT_VERSION = 5.0;
				TARGETED_DEVICE_FAMILY = "1,2";
				TEST_TARGET_NAME = NYTimes;
			};
			name = Release;
		};
/* End XCBuildConfiguration section */

/* Begin XCConfigurationList section */
		E0B814D52ADD6FF100182920 /* Build configuration list for PBXProject "NYTimes" */ = {
			isa = XCConfigurationList;
			buildConfigurations = (
				E0B815022ADD6FF100182920 /* Debug */,
				E0B815032ADD6FF100182920 /* Release */,
			);
			defaultConfigurationIsVisible = 0;
			defaultConfigurationName = Release;
		};
		E0B815042ADD6FF100182920 /* Build configuration list for PBXNativeTarget "NYTimes" */ = {
			isa = XCConfigurationList;
			buildConfigurations = (
				E0B815052ADD6FF100182920 /* Debug */,
				E0B815062ADD6FF100182920 /* Release */,
			);
			defaultConfigurationIsVisible = 0;
			defaultConfigurationName = Release;
		};
		E0B815072ADD6FF100182920 /* Build configuration list for PBXNativeTarget "NYTimesTests" */ = {
			isa = XCConfigurationList;
			buildConfigurations = (
				E0B815082ADD6FF100182920 /* Debug */,
				E0B815092ADD6FF100182920 /* Release */,
			);
			defaultConfigurationIsVisible = 0;
			defaultConfigurationName = Release;
		};
		E0B8150A2ADD6FF100182920 /* Build configuration list for PBXNativeTarget "NYTimesUITests" */ = {
			isa = XCConfigurationList;
			buildConfigurations = (
				E0B8150B2ADD6FF100182920 /* Debug */,
				E0B8150C2ADD6FF100182920 /* Release */,
			);
			defaultConfigurationIsVisible = 0;
			defaultConfigurationName = Release;
		};
/* End XCConfigurationList section */
	};
	rootObject = E0B814D22ADD6FF100182920 /* Project object */;
}
